// !$*UTF8*$!
{
	archiveVersion = 1;
	classes = {
	};
	objectVersion = 55;
	objects = {

/* Begin PBXBuildFile section */
		3FC4B161285186B2003CD4EB /* AppDelegate.swift in Sources */ = {isa = PBXBuildFile; fileRef = 3FC4B160285186B2003CD4EB /* AppDelegate.swift */; };
		3FC4B163285186B2003CD4EB /* SceneDelegate.swift in Sources */ = {isa = PBXBuildFile; fileRef = 3FC4B162285186B2003CD4EB /* SceneDelegate.swift */; };
		3FC4B165285186B2003CD4EB /* ViewController.swift in Sources */ = {isa = PBXBuildFile; fileRef = 3FC4B164285186B2003CD4EB /* ViewController.swift */; };
		3FC4B168285186B2003CD4EB /* Main.storyboard in Resources */ = {isa = PBXBuildFile; fileRef = 3FC4B166285186B2003CD4EB /* Main.storyboard */; };
		3FC4B16A285186B3003CD4EB /* Assets.xcassets in Resources */ = {isa = PBXBuildFile; fileRef = 3FC4B169285186B3003CD4EB /* Assets.xcassets */; };
		3FC4B16D285186B3003CD4EB /* LaunchScreen.storyboard in Resources */ = {isa = PBXBuildFile; fileRef = 3FC4B16B285186B3003CD4EB /* LaunchScreen.storyboard */; };
		3FC4B176285187CC003CD4EB /* PhotosCollectionViewController.swift in Sources */ = {isa = PBXBuildFile; fileRef = 3FC4B175285187CC003CD4EB /* PhotosCollectionViewController.swift */; };
		62E2711623C89129AF0EA5BB /* Pods_rxswift_camera_filter.framework in Frameworks */ = {isa = PBXBuildFile; fileRef = 4B1DA7BBB41B2AFDC44500C5 /* Pods_rxswift_camera_filter.framework */; };
/* End PBXBuildFile section */

/* Begin PBXFileReference section */
		0913049C6331EF4C5206ED16 /* Pods-rxswift-camera-filter.release.xcconfig */ = {isa = PBXFileReference; includeInIndex = 1; lastKnownFileType = text.xcconfig; name = "Pods-rxswift-camera-filter.release.xcconfig"; path = "Target Support Files/Pods-rxswift-camera-filter/Pods-rxswift-camera-filter.release.xcconfig"; sourceTree = "<group>"; };
		27DCE860843BDC0E0E1CD804 /* Pods-rxswift-camera-filter.debug.xcconfig */ = {isa = PBXFileReference; includeInIndex = 1; lastKnownFileType = text.xcconfig; name = "Pods-rxswift-camera-filter.debug.xcconfig"; path = "Target Support Files/Pods-rxswift-camera-filter/Pods-rxswift-camera-filter.debug.xcconfig"; sourceTree = "<group>"; };
		3FC4B15D285186B2003CD4EB /* rxswift-camera-filter.app */ = {isa = PBXFileReference; explicitFileType = wrapper.application; includeInIndex = 0; path = "rxswift-camera-filter.app"; sourceTree = BUILT_PRODUCTS_DIR; };
		3FC4B160285186B2003CD4EB /* AppDelegate.swift */ = {isa = PBXFileReference; lastKnownFileType = sourcecode.swift; path = AppDelegate.swift; sourceTree = "<group>"; };
		3FC4B162285186B2003CD4EB /* SceneDelegate.swift */ = {isa = PBXFileReference; lastKnownFileType = sourcecode.swift; path = SceneDelegate.swift; sourceTree = "<group>"; };
		3FC4B164285186B2003CD4EB /* ViewController.swift */ = {isa = PBXFileReference; lastKnownFileType = sourcecode.swift; path = ViewController.swift; sourceTree = "<group>"; };
		3FC4B167285186B2003CD4EB /* Base */ = {isa = PBXFileReference; lastKnownFileType = file.storyboard; name = Base; path = Base.lproj/Main.storyboard; sourceTree = "<group>"; };
		3FC4B169285186B3003CD4EB /* Assets.xcassets */ = {isa = PBXFileReference; lastKnownFileType = folder.assetcatalog; path = Assets.xcassets; sourceTree = "<group>"; };
		3FC4B16C285186B3003CD4EB /* Base */ = {isa = PBXFileReference; lastKnownFileType = file.storyboard; name = Base; path = Base.lproj/LaunchScreen.storyboard; sourceTree = "<group>"; };
		3FC4B16E285186B3003CD4EB /* Info.plist */ = {isa = PBXFileReference; lastKnownFileType = text.plist.xml; path = Info.plist; sourceTree = "<group>"; };
		3FC4B175285187CC003CD4EB /* PhotosCollectionViewController.swift */ = {isa = PBXFileReference; lastKnownFileType = sourcecode.swift; path = PhotosCollectionViewController.swift; sourceTree = "<group>"; };
		4B1DA7BBB41B2AFDC44500C5 /* Pods_rxswift_camera_filter.framework */ = {isa = PBXFileReference; explicitFileType = wrapper.framework; includeInIndex = 0; path = Pods_rxswift_camera_filter.framework; sourceTree = BUILT_PRODUCTS_DIR; };
/* End PBXFileReference section */

/* Begin PBXFrameworksBuildPhase section */
		3FC4B15A285186B2003CD4EB /* Frameworks */ = {
			isa = PBXFrameworksBuildPhase;
			buildActionMask = 2147483647;
			files = (
				62E2711623C89129AF0EA5BB /* Pods_rxswift_camera_filter.framework in Frameworks */,
			);
			runOnlyForDeploymentPostprocessing = 0;
		};
/* End PBXFrameworksBuildPhase section */

/* Begin PBXGroup section */
		3FC4B154285186B2003CD4EB = {
			isa = PBXGroup;
			children = (
				3FC4B15F285186B2003CD4EB /* rxswift-camera-filter */,
				3FC4B15E285186B2003CD4EB /* Products */,
				FE7445B892D57AA84D44FFB1 /* Pods */,
				FFA1A7D2809F9BABA1D01ED9 /* Frameworks */,
			);
			sourceTree = "<group>";
		};
		3FC4B15E285186B2003CD4EB /* Products */ = {
			isa = PBXGroup;
			children = (
				3FC4B15D285186B2003CD4EB /* rxswift-camera-filter.app */,
			);
			name = Products;
			sourceTree = "<group>";
		};
		3FC4B15F285186B2003CD4EB /* rxswift-camera-filter */ = {
			isa = PBXGroup;
			children = (
				3FC4B174285187BB003CD4EB /* Controller */,
				3FC4B160285186B2003CD4EB /* AppDelegate.swift */,
				3FC4B162285186B2003CD4EB /* SceneDelegate.swift */,
				3FC4B164285186B2003CD4EB /* ViewController.swift */,
				3FC4B166285186B2003CD4EB /* Main.storyboard */,
				3FC4B169285186B3003CD4EB /* Assets.xcassets */,
				3FC4B16B285186B3003CD4EB /* LaunchScreen.storyboard */,
				3FC4B16E285186B3003CD4EB /* Info.plist */,
			);
			path = "rxswift-camera-filter";
			sourceTree = "<group>";
		};
		3FC4B174285187BB003CD4EB /* Controller */ = {
			isa = PBXGroup;
			children = (
				3FC4B175285187CC003CD4EB /* PhotosCollectionViewController.swift */,
			);
			path = Controller;
			sourceTree = "<group>";
		};
		FE7445B892D57AA84D44FFB1 /* Pods */ = {
			isa = PBXGroup;
			children = (
				27DCE860843BDC0E0E1CD804 /* Pods-rxswift-camera-filter.debug.xcconfig */,
				0913049C6331EF4C5206ED16 /* Pods-rxswift-camera-filter.release.xcconfig */,
			);
			name = Pods;
			path = Pods;
			sourceTree = "<group>";
		};
		FFA1A7D2809F9BABA1D01ED9 /* Frameworks */ = {
			isa = PBXGroup;
			children = (
				4B1DA7BBB41B2AFDC44500C5 /* Pods_rxswift_camera_filter.framework */,
			);
			name = Frameworks;
			sourceTree = "<group>";
		};
/* End PBXGroup section */

/* Begin PBXNativeTarget section */
		3FC4B15C285186B2003CD4EB /* rxswift-camera-filter */ = {
			isa = PBXNativeTarget;
			buildConfigurationList = 3FC4B171285186B3003CD4EB /* Build configuration list for PBXNativeTarget "rxswift-camera-filter" */;
			buildPhases = (
				273D4437DE4CFB16BE2ECB1E /* [CP] Check Pods Manifest.lock */,
				3FC4B159285186B2003CD4EB /* Sources */,
				3FC4B15A285186B2003CD4EB /* Frameworks */,
				3FC4B15B285186B2003CD4EB /* Resources */,
				17905EAD4EFC6FF493B5CC50 /* [CP] Embed Pods Frameworks */,
			);
			buildRules = (
			);
			dependencies = (
			);
			name = "rxswift-camera-filter";
			productName = "rxswift-camera-filter";
			productReference = 3FC4B15D285186B2003CD4EB /* rxswift-camera-filter.app */;
			productType = "com.apple.product-type.application";
		};
/* End PBXNativeTarget section */

/* Begin PBXProject section */
		3FC4B155285186B2003CD4EB /* Project object */ = {
			isa = PBXProject;
			attributes = {
				BuildIndependentTargetsInParallel = 1;
				LastSwiftUpdateCheck = 1340;
				LastUpgradeCheck = 1340;
				TargetAttributes = {
					3FC4B15C285186B2003CD4EB = {
						CreatedOnToolsVersion = 13.4.1;
					};
				};
			};
			buildConfigurationList = 3FC4B158285186B2003CD4EB /* Build configuration list for PBXProject "rxswift-camera-filter" */;
			compatibilityVersion = "Xcode 13.0";
			developmentRegion = en;
			hasScannedForEncodings = 0;
			knownRegions = (
				en,
				Base,
			);
			mainGroup = 3FC4B154285186B2003CD4EB;
			productRefGroup = 3FC4B15E285186B2003CD4EB /* Products */;
			projectDirPath = "";
			projectRoot = "";
			targets = (
				3FC4B15C285186B2003CD4EB /* rxswift-camera-filter */,
			);
		};
/* End PBXProject section */

/* Begin PBXResourcesBuildPhase section */
		3FC4B15B285186B2003CD4EB /* Resources */ = {
			isa = PBXResourcesBuildPhase;
			buildActionMask = 2147483647;
			files = (
				3FC4B16D285186B3003CD4EB /* LaunchScreen.storyboard in Resources */,
				3FC4B16A285186B3003CD4EB /* Assets.xcassets in Resources */,
				3FC4B168285186B2003CD4EB /* Main.storyboard in Resources */,
			);
			runOnlyForDeploymentPostprocessing = 0;
		};
/* End PBXResourcesBuildPhase section */

/* Begin PBXShellScriptBuildPhase section */
		17905EAD4EFC6FF493B5CC50 /* [CP] Embed Pods Frameworks */ = {
			isa = PBXShellScriptBuildPhase;
			buildActionMask = 2147483647;
			files = (
			);
			inputFileListPaths = (
				"${PODS_ROOT}/Target Support Files/Pods-rxswift-camera-filter/Pods-rxswift-camera-filter-frameworks-${CONFIGURATION}-input-files.xcfilelist",
			);
			name = "[CP] Embed Pods Frameworks";
			outputFileListPaths = (
				"${PODS_ROOT}/Target Support Files/Pods-rxswift-camera-filter/Pods-rxswift-camera-filter-frameworks-${CONFIGURATION}-output-files.xcfilelist",
			);
			runOnlyForDeploymentPostprocessing = 0;
			shellPath = /bin/sh;
			shellScript = "\"${PODS_ROOT}/Target Support Files/Pods-rxswift-camera-filter/Pods-rxswift-camera-filter-frameworks.sh\"\n";
			showEnvVarsInLog = 0;
		};
		273D4437DE4CFB16BE2ECB1E /* [CP] Check Pods Manifest.lock */ = {
			isa = PBXShellScriptBuildPhase;
			buildActionMask = 2147483647;
			files = (
			);
			inputFileListPaths = (
			);
			inputPaths = (
				"${PODS_PODFILE_DIR_PATH}/Podfile.lock",
				"${PODS_ROOT}/Manifest.lock",
			);
			name = "[CP] Check Pods Manifest.lock";
			outputFileListPaths = (
			);
			outputPaths = (
				"$(DERIVED_FILE_DIR)/Pods-rxswift-camera-filter-checkManifestLockResult.txt",
			);
			runOnlyForDeploymentPostprocessing = 0;
			shellPath = /bin/sh;
			shellScript = "diff \"${PODS_PODFILE_DIR_PATH}/Podfile.lock\" \"${PODS_ROOT}/Manifest.lock\" > /dev/null\nif [ $? != 0 ] ; then\n    # print error to STDERR\n    echo \"error: The sandbox is not in sync with the Podfile.lock. Run 'pod install' or update your CocoaPods installation.\" >&2\n    exit 1\nfi\n# This output is used by Xcode 'outputs' to avoid re-running this script phase.\necho \"SUCCESS\" > \"${SCRIPT_OUTPUT_FILE_0}\"\n";
			showEnvVarsInLog = 0;
		};
/* End PBXShellScriptBuildPhase section */

/* Begin PBXSourcesBuildPhase section */
		3FC4B159285186B2003CD4EB /* Sources */ = {
			isa = PBXSourcesBuildPhase;
			buildActionMask = 2147483647;
			files = (
				3FC4B165285186B2003CD4EB /* ViewController.swift in Sources */,
				3FC4B161285186B2003CD4EB /* AppDelegate.swift in Sources */,
				3FC4B163285186B2003CD4EB /* SceneDelegate.swift in Sources */,
				3FC4B176285187CC003CD4EB /* PhotosCollectionViewController.swift in Sources */,
			);
			runOnlyForDeploymentPostprocessing = 0;
		};
/* End PBXSourcesBuildPhase section */

/* Begin PBXVariantGroup section */
		3FC4B166285186B2003CD4EB /* Main.storyboard */ = {
			isa = PBXVariantGroup;
			children = (
				3FC4B167285186B2003CD4EB /* Base */,
			);
			name = Main.storyboard;
			sourceTree = "<group>";
		};
		3FC4B16B285186B3003CD4EB /* LaunchScreen.storyboard */ = {
			isa = PBXVariantGroup;
			children = (
				3FC4B16C285186B3003CD4EB /* Base */,
			);
			name = LaunchScreen.storyboard;
			sourceTree = "<group>";
		};
/* End PBXVariantGroup section */

/* Begin XCBuildConfiguration section */
		3FC4B16F285186B3003CD4EB /* Debug */ = {
			isa = XCBuildConfiguration;
			buildSettings = {
				ALWAYS_SEARCH_USER_PATHS = NO;
				CLANG_ANALYZER_NONNULL = YES;
				CLANG_ANALYZER_NUMBER_OBJECT_CONVERSION = YES_AGGRESSIVE;
				CLANG_CXX_LANGUAGE_STANDARD = "gnu++17";
				CLANG_ENABLE_MODULES = YES;
				CLANG_ENABLE_OBJC_ARC = YES;
				CLANG_ENABLE_OBJC_WEAK = YES;
				CLANG_WARN_BLOCK_CAPTURE_AUTORELEASING = YES;
				CLANG_WARN_BOOL_CONVERSION = YES;
				CLANG_WARN_COMMA = YES;
				CLANG_WARN_CONSTANT_CONVERSION = YES;
				CLANG_WARN_DEPRECATED_OBJC_IMPLEMENTATIONS = YES;
				CLANG_WARN_DIRECT_OBJC_ISA_USAGE = YES_ERROR;
				CLANG_WARN_DOCUMENTATION_COMMENTS = YES;
				CLANG_WARN_EMPTY_BODY = YES;
				CLANG_WARN_ENUM_CONVERSION = YES;
				CLANG_WARN_INFINITE_RECURSION = YES;
				CLANG_WARN_INT_CONVERSION = YES;
				CLANG_WARN_NON_LITERAL_NULL_CONVERSION = YES;
				CLANG_WARN_OBJC_IMPLICIT_RETAIN_SELF = YES;
				CLANG_WARN_OBJC_LITERAL_CONVERSION = YES;
				CLANG_WARN_OBJC_ROOT_CLASS = YES_ERROR;
				CLANG_WARN_QUOTED_INCLUDE_IN_FRAMEWORK_HEADER = YES;
				CLANG_WARN_RANGE_LOOP_ANALYSIS = YES;
				CLANG_WARN_STRICT_PROTOTYPES = YES;
				CLANG_WARN_SUSPICIOUS_MOVE = YES;
				CLANG_WARN_UNGUARDED_AVAILABILITY = YES_AGGRESSIVE;
				CLANG_WARN_UNREACHABLE_CODE = YES;
				CLANG_WARN__DUPLICATE_METHOD_MATCH = YES;
				COPY_PHASE_STRIP = NO;
				DEBUG_INFORMATION_FORMAT = dwarf;
				ENABLE_STRICT_OBJC_MSGSEND = YES;
				ENABLE_TESTABILITY = YES;
				GCC_C_LANGUAGE_STANDARD = gnu11;
				GCC_DYNAMIC_NO_PIC = NO;
				GCC_NO_COMMON_BLOCKS = YES;
				GCC_OPTIMIZATION_LEVEL = 0;
				GCC_PREPROCESSOR_DEFINITIONS = (
					"DEBUG=1",
					"$(inherited)",
				);
				GCC_WARN_64_TO_32_BIT_CONVERSION = YES;
				GCC_WARN_ABOUT_RETURN_TYPE = YES_ERROR;
				GCC_WARN_UNDECLARED_SELECTOR = YES;
				GCC_WARN_UNINITIALIZED_AUTOS = YES_AGGRESSIVE;
				GCC_WARN_UNUSED_FUNCTION = YES;
				GCC_WARN_UNUSED_VARIABLE = YES;
				IPHONEOS_DEPLOYMENT_TARGET = 15.5;
				MTL_ENABLE_DEBUG_INFO = INCLUDE_SOURCE;
				MTL_FAST_MATH = YES;
				ONLY_ACTIVE_ARCH = YES;
				SDKROOT = iphoneos;
				SWIFT_ACTIVE_COMPILATION_CONDITIONS = DEBUG;
				SWIFT_OPTIMIZATION_LEVEL = "-Onone";
			};
			name = Debug;
		};
		3FC4B170285186B3003CD4EB /* Release */ = {
			isa = XCBuildConfiguration;
			buildSettings = {
				ALWAYS_SEARCH_USER_PATHS = NO;
				CLANG_ANALYZER_NONNULL = YES;
				CLANG_ANALYZER_NUMBER_OBJECT_CONVERSION = YES_AGGRESSIVE;
				CLANG_CXX_LANGUAGE_STANDARD = "gnu++17";
				CLANG_ENABLE_MODULES = YES;
				CLANG_ENABLE_OBJC_ARC = YES;
				CLANG_ENABLE_OBJC_WEAK = YES;
				CLANG_WARN_BLOCK_CAPTURE_AUTORELEASING = YES;
				CLANG_WARN_BOOL_CONVERSION = YES;
				CLANG_WARN_COMMA = YES;
				CLANG_WARN_CONSTANT_CONVERSION = YES;
				CLANG_WARN_DEPRECATED_OBJC_IMPLEMENTATIONS = YES;
				CLANG_WARN_DIRECT_OBJC_ISA_USAGE = YES_ERROR;
				CLANG_WARN_DOCUMENTATION_COMMENTS = YES;
				CLANG_WARN_EMPTY_BODY = YES;
				CLANG_WARN_ENUM_CONVERSION = YES;
				CLANG_WARN_INFINITE_RECURSION = YES;
				CLANG_WARN_INT_CONVERSION = YES;
				CLANG_WARN_NON_LITERAL_NULL_CONVERSION = YES;
				CLANG_WARN_OBJC_IMPLICIT_RETAIN_SELF = YES;
				CLANG_WARN_OBJC_LITERAL_CONVERSION = YES;
				CLANG_WARN_OBJC_ROOT_CLASS = YES_ERROR;
				CLANG_WARN_QUOTED_INCLUDE_IN_FRAMEWORK_HEADER = YES;
				CLANG_WARN_RANGE_LOOP_ANALYSIS = YES;
				CLANG_WARN_STRICT_PROTOTYPES = YES;
				CLANG_WARN_SUSPICIOUS_MOVE = YES;
				CLANG_WARN_UNGUARDED_AVAILABILITY = YES_AGGRESSIVE;
				CLANG_WARN_UNREACHABLE_CODE = YES;
				CLANG_WARN__DUPLICATE_METHOD_MATCH = YES;
				COPY_PHASE_STRIP = NO;
				DEBUG_INFORMATION_FORMAT = "dwarf-with-dsym";
				ENABLE_NS_ASSERTIONS = NO;
				ENABLE_STRICT_OBJC_MSGSEND = YES;
				GCC_C_LANGUAGE_STANDARD = gnu11;
				GCC_NO_COMMON_BLOCKS = YES;
				GCC_WARN_64_TO_32_BIT_CONVERSION = YES;
				GCC_WARN_ABOUT_RETURN_TYPE = YES_ERROR;
				GCC_WARN_UNDECLARED_SELECTOR = YES;
				GCC_WARN_UNINITIALIZED_AUTOS = YES_AGGRESSIVE;
				GCC_WARN_UNUSED_FUNCTION = YES;
				GCC_WARN_UNUSED_VARIABLE = YES;
				IPHONEOS_DEPLOYMENT_TARGET = 15.5;
				MTL_ENABLE_DEBUG_INFO = NO;
				MTL_FAST_MATH = YES;
				SDKROOT = iphoneos;
				SWIFT_COMPILATION_MODE = wholemodule;
				SWIFT_OPTIMIZATION_LEVEL = "-O";
				VALIDATE_PRODUCT = YES;
			};
			name = Release;
		};
		3FC4B172285186B3003CD4EB /* Debug */ = {
			isa = XCBuildConfiguration;
			baseConfigurationReference = 27DCE860843BDC0E0E1CD804 /* Pods-rxswift-camera-filter.debug.xcconfig */;
			buildSettings = {
				ASSETCATALOG_COMPILER_APPICON_NAME = AppIcon;
				ASSETCATALOG_COMPILER_GLOBAL_ACCENT_COLOR_NAME = AccentColor;
				CODE_SIGN_STYLE = Automatic;
				CURRENT_PROJECT_VERSION = 1;
				DEVELOPMENT_TEAM = EUPL5H953B;
				GENERATE_INFOPLIST_FILE = YES;
				INFOPLIST_FILE = "rxswift-camera-filter/Info.plist";
				INFOPLIST_KEY_UIApplicationSupportsIndirectInputEvents = YES;
				INFOPLIST_KEY_UILaunchStoryboardName = LaunchScreen;
				INFOPLIST_KEY_UIMainStoryboardFile = Main;
				INFOPLIST_KEY_UISupportedInterfaceOrientations_iPad = "UIInterfaceOrientationPortrait UIInterfaceOrientationPortraitUpsideDown UIInterfaceOrientationLandscapeLeft UIInterfaceOrientationLandscapeRight";
				INFOPLIST_KEY_UISupportedInterfaceOrientations_iPhone = "UIInterfaceOrientationPortrait UIInterfaceOrientationLandscapeLeft UIInterfaceOrientationLandscapeRight";
				LD_RUNPATH_SEARCH_PATHS = (
					"$(inherited)",
					"@executable_path/Frameworks",
				);
				MARKETING_VERSION = 1.0;
				PRODUCT_BUNDLE_IDENTIFIER = "studiostorquato.rxswift-camera-filter";
				PRODUCT_NAME = "$(TARGET_NAME)";
				SWIFT_EMIT_LOC_STRINGS = YES;
				SWIFT_VERSION = 5.0;
				TARGETED_DEVICE_FAMILY = "1,2";
			};
			name = Debug;
		};
		3FC4B173285186B3003CD4EB /* Release */ = {
			isa = XCBuildConfiguration;
			baseConfigurationReference = 0913049C6331EF4C5206ED16 /* Pods-rxswift-camera-filter.release.xcconfig */;
			buildSettings = {
				ASSETCATALOG_COMPILER_APPICON_NAME = AppIcon;
				ASSETCATALOG_COMPILER_GLOBAL_ACCENT_COLOR_NAME = AccentColor;
				CODE_SIGN_STYLE = Automatic;
				CURRENT_PROJECT_VERSION = 1;
				DEVELOPMENT_TEAM = EUPL5H953B;
				GENERATE_INFOPLIST_FILE = YES;
				INFOPLIST_FILE = "rxswift-camera-filter/Info.plist";
				INFOPLIST_KEY_UIApplicationSupportsIndirectInputEvents = YES;
				INFOPLIST_KEY_UILaunchStoryboardName = LaunchScreen;
				INFOPLIST_KEY_UIMainStoryboardFile = Main;
				INFOPLIST_KEY_UISupportedInterfaceOrientations_iPad = "UIInterfaceOrientationPortrait UIInterfaceOrientationPortraitUpsideDown UIInterfaceOrientationLandscapeLeft UIInterfaceOrientationLandscapeRight";
				INFOPLIST_KEY_UISupportedInterfaceOrientations_iPhone = "UIInterfaceOrientationPortrait UIInterfaceOrientationLandscapeLeft UIInterfaceOrientationLandscapeRight";
				LD_RUNPATH_SEARCH_PATHS = (
					"$(inherited)",
					"@executable_path/Frameworks",
				);
				MARKETING_VERSION = 1.0;
				PRODUCT_BUNDLE_IDENTIFIER = "studiostorquato.rxswift-camera-filter";
				PRODUCT_NAME = "$(TARGET_NAME)";
				SWIFT_EMIT_LOC_STRINGS = YES;
				SWIFT_VERSION = 5.0;
				TARGETED_DEVICE_FAMILY = "1,2";
			};
			name = Release;
		};
/* End XCBuildConfiguration section */

/* Begin XCConfigurationList section */
		3FC4B158285186B2003CD4EB /* Build configuration list for PBXProject "rxswift-camera-filter" */ = {
			isa = XCConfigurationList;
			buildConfigurations = (
				3FC4B16F285186B3003CD4EB /* Debug */,
				3FC4B170285186B3003CD4EB /* Release */,
			);
			defaultConfigurationIsVisible = 0;
			defaultConfigurationName = Release;
		};
		3FC4B171285186B3003CD4EB /* Build configuration list for PBXNativeTarget "rxswift-camera-filter" */ = {
			isa = XCConfigurationList;
			buildConfigurations = (
				3FC4B172285186B3003CD4EB /* Debug */,
				3FC4B173285186B3003CD4EB /* Release */,
			);
			defaultConfigurationIsVisible = 0;
			defaultConfigurationName = Release;
		};
/* End XCConfigurationList section */
	};
	rootObject = 3FC4B155285186B2003CD4EB /* Project object */;
}
